github.com/alecthomas/template v0.0.0-20160405071501-a0175ee3bccc/go.mod h1:LOuyumcjzFXgccqObfd/Ljyb9UuFJ6TxHnclSeseNhc=
github.com/alecthomas/units v0.0.0-20151022065526-2efee857e7cf/go.mod h1:ybxpYRFXyAe+OPACYpWeL0wqObRcbAqCMya13uyzqw0=
github.com/beorn7/perks v0.0.0-20160804104726-4c0e84591b9a h1:BtpsbiV638WQZwhA98cEZw2BsbnQJrbd0BI7tsy0W1c=
github.com/beorn7/perks v0.0.0-20160804104726-4c0e84591b9a/go.mod h1:Dwedo/Wpr24TaqPxmxbtue+5NUziq4I4S80YR8gNf3Q=
github.com/facette/httputil v0.0.0-20170428061541-60b4ff39bac2 h1:ajQSu0gEGY6u5KGvuqP0lenDqLd1bTkUD2UYNFMiZwo=
github.com/facette/httputil v0.0.0-20170428061541-60b4ff39bac2/go.mod h1:N7kqUD3lEYHonskNTEaaGajYiTjbHnIEo6eJWHkORSM=
github.com/facette/logger v0.0.0-20180117130157-60ca3a8b846b h1:FS22O6TKU6S+gXaTsaU9adCwRGrknVGOUmbA0vLszr4=
github.com/facette/logger v0.0.0-20180117130157-60ca3a8b846b/go.mod h1:ri+zG9tYnU46GeXDMB3ZPQMjR/maxqbAVoEFriVT6tE=
github.com/falzm/chaos v0.2.0 h1:puuFtpc0y9wey2r1tgY7Ay3lZ/FIS93Ww+21mwxGDZc=
github.com/falzm/chaos v0.2.0/go.mod h1:rQrTRWSwUI+qT/pgPcpTKzuFyTx/4Rtdcam/6H1yF/c=
github.com/golang/protobuf v1.0.0 h1:lsek0oXi8iFE9L+EXARyHIjU5rlWIhhTkjDz3vHhWWQ=
github.com/golang/protobuf v1.0.0/go.mod h1:6lQm79b+lXiMfvg/cZm0SGofjICqVBUtrP5yJMmIC1U=
github.com/gorilla/context v1.1.1 h1:AWwleXJkX/nhcU9bZSnZoi3h/qGYqQAGhq6zZe/aQW8=
github.com/gorilla/context v1.1.1/go.mod h1:kBGZzfjB9CEq2AlWe17Uuf7NDRt0dE0s8S51q0aT7Yg=
github.com/gorilla/mux v0.0.0-20180120075819-c0091a029979 h1:UsXWMy9j+GSCN/I1/Oyc4wGaeW2CDYqeqAkEvWPu+cs=
github.com/gorilla/mux v0.0.0-20180120075819-c0091a029979/go.mod h1:1lud6UwP+6orDFRuTfBEV8e9/aOM/c4fVVCaMa2zaAs=
github.com/mattn/go-colorable v0.0.0-20180115155639-6cc8b475d468 h1:v1BLQsCh26Utomh97sfVSkq+45pEOw3i/KB0VOvScoY=
github.com/mattn/go-colorable v0.0.0-20180115155639-6cc8b475d468/go.mod h1:9vuHe8Xs5qXnSaW/c/ABM9alt+Vo+STaOChaDxuIBZU=
github.com/mattn/go-isatty v0.0.4 h1:bnP0vzxcAdeI1zdubAl5PjU6zsERjGZb7raWodagDYs=
github.com/mattn/go-isatty v0.0.4/go.mod h1:M+lRXTBqGeGNdLjl/ufCoiOlB5xdOkqRJdNxMWT7Zi4=
github.com/matttproud/golang_protobuf_extensions v1.0.1 h1:4hp9jkHxhMHkqkrB3Ix0jegS5sx/RkqARlsWZ6pIwiU=
github.com/matttproud/golang_protobuf_extensions v1.0.1/go.mod h1:D8He9yQNgCq6Z5Ld7szi9bcBfOoFv/3dc6xSMkL2PC0=
github.com/mgutz/ansi v0.0.0-20170206155736-9520e82c474b h1:j7+1HpAFS1zy5+Q4qx1fWh90gTKwiN4QCGoY9TWyyO4=
github.com/mgutz/ansi v0.0.0-20170206155736-9520e82c474b/go.mod h1:01TrycV0kFyexm33Z7vhZRXopbI8J3TDReVlkTgMUxE=
github.com/prometheus/client_golang v0.0.0-20180131142826-f4fb1b73fb09 h1:v1e+C2rmzKYWLU13Xu9q2C3IlruVdQGL9hRj9jo97/k=
github.com/prometheus/client_golang v0.0.0-20180131142826-f4fb1b73fb09/go.mod h1:7SWBe2y4D6OKWSNQJUaRYU/AaXPKyh/dDVn+NZz0KFw=
github.com/prometheus/client_model v0.0.0-20171117100541-99fa1f4be8e5 h1:cLL6NowurKLMfCeQy4tIeph12XNQWgANCNvdyrOYKV4=
github.com/prometheus/client_model v0.0.0-20171117100541-99fa1f4be8e5/go.mod h1:MbSGuTsp3dbXC40dX6PRTWyKYBIrTGTE9sqQNg2J8bo=
github.com/prometheus/common v0.0.0-20180110214958-89604d197083 h1:BVsJT8+ZbyuL3hypz/HmEiM8h2P6hBQGig4el9/MdjA=
github.com/prometheus/common v0.0.0-20180110214958-89604d197083/go.mod h1:daVV7qP5qjZbuso7PdcryaAu0sAZbrN9i7WWcTMWvro=
github.com/prometheus/procfs v0.0.0-20180125133057-cb4147076ac7 h1:iySnQNWLFnGjCPbVzAk6eFMjX8LAXPdPHpFjVLXJ5M0=
github.com/prometheus/procfs v0.0.0-20180125133057-cb4147076ac7/go.mod h1:c3At6R/oaqEKCNdg8wHV1ftS6bRYblBhIjjI8uT2IGk=
github.com/urfave/negroni v0.0.0-20180130044549-22c5532ea862 h1:eg5xqGZGatsyRpVnFJkdeUWSFk46lDgkXLvOryv5ySg=
github.com/urfave/negroni v0.0.0-20180130044549-22c5532ea862/go.mod h1:Meg73S6kFm/4PpbYdq35yYWoCZ9mS/YSx+lKnmiohz4=
go.opencensus.io v0.0.0-20180202205242-7a3c63ab1c57 h1:Cm03X11kRGA+ZFfgSzvp/EfbQALfsEqS9tOY6E/OOaM=
go.opencensus.io v0.0.0-20180202205242-7a3c63ab1c57/go.mod h1:UffZAU+4sDEINUGP/B7UfBBkq4fqLu9zXAX7ke6CHW0=
golang.org/x/net v0.0.0-20180202180947-2fb46b16b8dd/go.mod h1:mL1N/T3taQHkDXs73rZJwtUhF3w3ftmwwsq0BUmARs4=
golang.org/x/sys v0.0.0-20181030150119-7e31e0c00fa0 h1:biUuj9O+0+XckRUCDzjoOGm6yFV5c0IHbm1ODP3e4Zw=
golang.org/x/sys v0.0.0-20181030150119-7e31e0c00fa0/go.mod h1:STP8DvDyc/dI5b8T5hshtkjS+E42TnysNCUPdjciGhY=
gopkg.in/alecthomas/kingpin.v2 v2.2.6/go.mod h1:FMv+mEhP44yOT+4EoQTLFTRgOQ1FBLkstjWtayDeSgw=
gopkg.in/h2non/gentleman.v2 v2.0.3/go.mod h1:A1c7zwrTgAyyf6AbpvVksYtBayTB4STBUGmdkEtlHeA=
gopkg.in/yaml.v2 v2.0.0 h1:uUkhRGrsEyx/laRdeS6YIQKIys8pg+lRSRdVMTYjivs=
gopkg.in/yaml.v2 v2.0.0/go.mod h1:JAlM8MvJe8wmxCU4Bli9HhUf9+ttbYbLASfIpnQbh74=
